PODS:
  - RSBeforeAfterImageView (0.1.0)
  - SnapKit (5.7.1)

DEPENDENCIES:
  - RSBeforeAfterImageView (from `../`)
  - SnapKit

SPEC REPOS:
  trunk:
    - SnapKit

EXTERNAL SOURCES:
  RSBeforeAfterImageView:
    :path: "../"

SPEC CHECKSUMS:
  RSBeforeAfterImageView: 3aa25872c04de9f487f6c4b65b1bb4055f1e2a56
  SnapKit: d612e99e678a2d3b95bf60b0705ed0a35c03484a

PODFILE CHECKSUM: 5286b4fd3e848279c8f7e9766f3f31820f9d226d

COCOAPODS: 1.16.2
